
Microsoft Visual Studio Solution File, Format Version 12.00
# Visual Studio Version 17
VisualStudioVersion = 17.2.32616.157
MinimumVisualStudioVersion = 10.0.40219.1
Project("{FAE04EC0-301F-11D3-BF4B-00C04F79EFBC}") = "StockGame", "StockGame.csproj", "{0B9C90FE-BB40-4EE9-BFB5-5623A393D0B5}"
EndProject
Global
	GlobalSection(SolutionConfigurationPlatforms) = preSolution
		Debug|Any CPU = Debug|Any CPU
		Release|Any CPU = Release|Any CPU
	EndGlobalSection
	GlobalSection(ProjectConfigurationPlatforms) = postSolution
		{0B9C90FE-BB40-4EE9-BFB5-5623A393D0B5}.Debug|Any CPU.ActiveCfg = Debug|Any CPU
		{0B9C90FE-BB40-4EE9-BFB5-5623A393D0B5}.Debug|Any CPU.Build.0 = Debug|Any CPU
		{0B9C90FE-BB40-4EE9-BFB5-5623A393D0B5}.Release|Any CPU.ActiveCfg = Release|Any CPU
		{0B9C90FE-BB40-4EE9-BFB5-5623A393D0B5}.Release|Any CPU.Build.0 = Release|Any CPU
	EndGlobalSection
	GlobalSection(SolutionProperties) = preSolution
		HideSolutionNode = FALSE
	EndGlobalSection
	GlobalSection(ExtensibilityGlobals) = postSolution
		SolutionGuid = {79DC5FC9-2A5B-47D5-B06B-265098F7A7C0}
	EndGlobalSection
EndGlobal
